
Microsoft Visual Studio Solution File, Format Version 12.00
# Visual Studio 15
VisualStudioVersion = 15.0.26730.16
MinimumVisualStudioVersion = 10.0.40219.1
Project("{9A19103F-16F7-4668-BE54-9A1E7A4F7556}") = "ACM.BL", "ACM.BL\ACM.BL.csproj", "{8A9B9918-D486-443D-ADBF-06F2CA467E3F}"
EndProject
Project("{2150E333-8FDC-42A3-9474-1A3956D46DE8}") = "Tests", "Tests", "{33CD6A99-B135-4603-8D71-39D6F6D90E16}"
EndProject
Project("{FAE04EC0-301F-11D3-BF4B-00C04F79EFBC}") = "ACM.BL.Test", "CustomerTest\ACM.BL.Test.csproj", "{5959F262-45E6-4418-BEB8-B6DDA80E8C6C}"
EndProject
Project("{FAE04EC0-301F-11D3-BF4B-00C04F79EFBC}") = "Acme.Common.Test", "Acme.Common.Test\Acme.Common.Test.csproj", "{7711A371-44D0-41AE-BDA5-065D9C5217FA}"
EndProject
Project("{FAE04EC0-301F-11D3-BF4B-00C04F79EFBC}") = "Acme.Common", "Acme.Common\Acme.Common.csproj", "{6CD7DB23-82FE-408C-B86B-BE40947F1EF0}"
EndProject
Global
	GlobalSection(SolutionConfigurationPlatforms) = preSolution
		Debug|Any CPU = Debug|Any CPU
		Debug|ARM = Debug|ARM
		Debug|x64 = Debug|x64
		Debug|x86 = Debug|x86
		Release|Any CPU = Release|Any CPU
		Release|ARM = Release|ARM
		Release|x64 = Release|x64
		Release|x86 = Release|x86
	EndGlobalSection
	GlobalSection(ProjectConfigurationPlatforms) = postSolution
		{8A9B9918-D486-443D-ADBF-06F2CA467E3F}.Debug|Any CPU.ActiveCfg = Debug|Any CPU
		{8A9B9918-D486-443D-ADBF-06F2CA467E3F}.Debug|Any CPU.Build.0 = Debug|Any CPU
		{8A9B9918-D486-443D-ADBF-06F2CA467E3F}.Debug|ARM.ActiveCfg = Debug|Any CPU
		{8A9B9918-D486-443D-ADBF-06F2CA467E3F}.Debug|ARM.Build.0 = Debug|Any CPU
		{8A9B9918-D486-443D-ADBF-06F2CA467E3F}.Debug|x64.ActiveCfg = Debug|Any CPU
		{8A9B9918-D486-443D-ADBF-06F2CA467E3F}.Debug|x64.Build.0 = Debug|Any CPU
		{8A9B9918-D486-443D-ADBF-06F2CA467E3F}.Debug|x86.ActiveCfg = Debug|Any CPU
		{8A9B9918-D486-443D-ADBF-06F2CA467E3F}.Debug|x86.Build.0 = Debug|Any CPU
		{8A9B9918-D486-443D-ADBF-06F2CA467E3F}.Release|Any CPU.ActiveCfg = Release|Any CPU
		{8A9B9918-D486-443D-ADBF-06F2CA467E3F}.Release|Any CPU.Build.0 = Release|Any CPU
		{8A9B9918-D486-443D-ADBF-06F2CA467E3F}.Release|ARM.ActiveCfg = Release|Any CPU
		{8A9B9918-D486-443D-ADBF-06F2CA467E3F}.Release|ARM.Build.0 = Release|Any CPU
		{8A9B9918-D486-443D-ADBF-06F2CA467E3F}.Release|x64.ActiveCfg = Release|Any CPU
		{8A9B9918-D486-443D-ADBF-06F2CA467E3F}.Release|x64.Build.0 = Release|Any CPU
		{8A9B9918-D486-443D-ADBF-06F2CA467E3F}.Release|x86.ActiveCfg = Release|Any CPU
		{8A9B9918-D486-443D-ADBF-06F2CA467E3F}.Release|x86.Build.0 = Release|Any CPU
		{5959F262-45E6-4418-BEB8-B6DDA80E8C6C}.Debug|Any CPU.ActiveCfg = Debug|Any CPU
		{5959F262-45E6-4418-BEB8-B6DDA80E8C6C}.Debug|Any CPU.Build.0 = Debug|Any CPU
		{5959F262-45E6-4418-BEB8-B6DDA80E8C6C}.Debug|ARM.ActiveCfg = Debug|Any CPU
		{5959F262-45E6-4418-BEB8-B6DDA80E8C6C}.Debug|ARM.Build.0 = Debug|Any CPU
		{5959F262-45E6-4418-BEB8-B6DDA80E8C6C}.Debug|x64.ActiveCfg = Debug|Any CPU
		{5959F262-45E6-4418-BEB8-B6DDA80E8C6C}.Debug|x64.Build.0 = Debug|Any CPU
		{5959F262-45E6-4418-BEB8-B6DDA80E8C6C}.Debug|x86.ActiveCfg = Debug|Any CPU
		{5959F262-45E6-4418-BEB8-B6DDA80E8C6C}.Debug|x86.Build.0 = Debug|Any CPU
		{5959F262-45E6-4418-BEB8-B6DDA80E8C6C}.Release|Any CPU.ActiveCfg = Release|Any CPU
		{5959F262-45E6-4418-BEB8-B6DDA80E8C6C}.Release|Any CPU.Build.0 = Release|Any CPU
		{5959F262-45E6-4418-BEB8-B6DDA80E8C6C}.Release|ARM.ActiveCfg = Release|Any CPU
		{5959F262-45E6-4418-BEB8-B6DDA80E8C6C}.Release|ARM.Build.0 = Release|Any CPU
		{5959F262-45E6-4418-BEB8-B6DDA80E8C6C}.Release|x64.ActiveCfg = Release|Any CPU
		{5959F262-45E6-4418-BEB8-B6DDA80E8C6C}.Release|x64.Build.0 = Release|Any CPU
		{5959F262-45E6-4418-BEB8-B6DDA80E8C6C}.Release|x86.ActiveCfg = Release|Any CPU
		{5959F262-45E6-4418-BEB8-B6DDA80E8C6C}.Release|x86.Build.0 = Release|Any CPU
		{7711A371-44D0-41AE-BDA5-065D9C5217FA}.Debug|Any CPU.ActiveCfg = Debug|Any CPU
		{7711A371-44D0-41AE-BDA5-065D9C5217FA}.Debug|Any CPU.Build.0 = Debug|Any CPU
		{7711A371-44D0-41AE-BDA5-065D9C5217FA}.Debug|ARM.ActiveCfg = Debug|Any CPU
		{7711A371-44D0-41AE-BDA5-065D9C5217FA}.Debug|ARM.Build.0 = Debug|Any CPU
		{7711A371-44D0-41AE-BDA5-065D9C5217FA}.Debug|x64.ActiveCfg = Debug|Any CPU
		{7711A371-44D0-41AE-BDA5-065D9C5217FA}.Debug|x64.Build.0 = Debug|Any CPU
		{7711A371-44D0-41AE-BDA5-065D9C5217FA}.Debug|x86.ActiveCfg = Debug|Any CPU
		{7711A371-44D0-41AE-BDA5-065D9C5217FA}.Debug|x86.Build.0 = Debug|Any CPU
		{7711A371-44D0-41AE-BDA5-065D9C5217FA}.Release|Any CPU.ActiveCfg = Release|Any CPU
		{7711A371-44D0-41AE-BDA5-065D9C5217FA}.Release|Any CPU.Build.0 = Release|Any CPU
		{7711A371-44D0-41AE-BDA5-065D9C5217FA}.Release|ARM.ActiveCfg = Release|Any CPU
		{7711A371-44D0-41AE-BDA5-065D9C5217FA}.Release|ARM.Build.0 = Release|Any CPU
		{7711A371-44D0-41AE-BDA5-065D9C5217FA}.Release|x64.ActiveCfg = Release|Any CPU
		{7711A371-44D0-41AE-BDA5-065D9C5217FA}.Release|x64.Build.0 = Release|Any CPU
		{7711A371-44D0-41AE-BDA5-065D9C5217FA}.Release|x86.ActiveCfg = Release|Any CPU
		{7711A371-44D0-41AE-BDA5-065D9C5217FA}.Release|x86.Build.0 = Release|Any CPU
		{6CD7DB23-82FE-408C-B86B-BE40947F1EF0}.Debug|Any CPU.ActiveCfg = Debug|Any CPU
		{6CD7DB23-82FE-408C-B86B-BE40947F1EF0}.Debug|Any CPU.Build.0 = Debug|Any CPU
		{6CD7DB23-82FE-408C-B86B-BE40947F1EF0}.Debug|ARM.ActiveCfg = Debug|Any CPU
		{6CD7DB23-82FE-408C-B86B-BE40947F1EF0}.Debug|ARM.Build.0 = Debug|Any CPU
		{6CD7DB23-82FE-408C-B86B-BE40947F1EF0}.Debug|x64.ActiveCfg = Debug|Any CPU
		{6CD7DB23-82FE-408C-B86B-BE40947F1EF0}.Debug|x64.Build.0 = Debug|Any CPU
		{6CD7DB23-82FE-408C-B86B-BE40947F1EF0}.Debug|x86.ActiveCfg = Debug|Any CPU
		{6CD7DB23-82FE-408C-B86B-BE40947F1EF0}.Debug|x86.Build.0 = Debug|Any CPU
		{6CD7DB23-82FE-408C-B86B-BE40947F1EF0}.Release|Any CPU.ActiveCfg = Release|Any CPU
		{6CD7DB23-82FE-408C-B86B-BE40947F1EF0}.Release|Any CPU.Build.0 = Release|Any CPU
		{6CD7DB23-82FE-408C-B86B-BE40947F1EF0}.Release|ARM.ActiveCfg = Release|Any CPU
		{6CD7DB23-82FE-408C-B86B-BE40947F1EF0}.Release|ARM.Build.0 = Release|Any CPU
		{6CD7DB23-82FE-408C-B86B-BE40947F1EF0}.Release|x64.ActiveCfg = Release|Any CPU
		{6CD7DB23-82FE-408C-B86B-BE40947F1EF0}.Release|x64.Build.0 = Release|Any CPU
		{6CD7DB23-82FE-408C-B86B-BE40947F1EF0}.Release|x86.ActiveCfg = Release|Any CPU
		{6CD7DB23-82FE-408C-B86B-BE40947F1EF0}.Release|x86.Build.0 = Release|Any CPU
	EndGlobalSection
	GlobalSection(SolutionProperties) = preSolution
		HideSolutionNode = FALSE
	EndGlobalSection
	GlobalSection(NestedProjects) = preSolution
		{5959F262-45E6-4418-BEB8-B6DDA80E8C6C} = {33CD6A99-B135-4603-8D71-39D6F6D90E16}
		{7711A371-44D0-41AE-BDA5-065D9C5217FA} = {33CD6A99-B135-4603-8D71-39D6F6D90E16}
	EndGlobalSection
	GlobalSection(ExtensibilityGlobals) = postSolution
		SolutionGuid = {CEC91916-5B4A-4446-960B-0EBBAAF521F6}
	EndGlobalSection
EndGlobal
