
Microsoft Visual Studio Solution File, Format Version 12.00
# Visual Studio 15
VisualStudioVersion = 15.0.26730.16
MinimumVisualStudioVersion = 10.0.40219.1
Project("{9A19103F-16F7-4668-BE54-9A1E7A4F7556}") = "ACM.BL", "ACM.BL\ACM.BL.csproj", "{8A9B9918-D486-443D-ADBF-06F2CA467E3F}"
EndProject
Project("{2150E333-8FDC-42A3-9474-1A3956D46DE8}") = "Tests", "Tests", "{33CD6A99-B135-4603-8D71-39D6F6D90E16}"
EndProject
Project("{FAE04EC0-301F-11D3-BF4B-00C04F79EFBC}") = "ACM.BL.Test", "CustomerTest\ACM.BL.Test.csproj", "{5959F262-45E6-4418-BEB8-B6DDA80E8C6C}"
EndProject
Global
	GlobalSection(SolutionConfigurationPlatforms) = preSolution
		Debug|Any CPU = Debug|Any CPU
		Release|Any CPU = Release|Any CPU
	EndGlobalSection
	GlobalSection(ProjectConfigurationPlatforms) = postSolution
		{8A9B9918-D486-443D-ADBF-06F2CA467E3F}.Debug|Any CPU.ActiveCfg = Debug|Any CPU
		{8A9B9918-D486-443D-ADBF-06F2CA467E3F}.Debug|Any CPU.Build.0 = Debug|Any CPU
		{8A9B9918-D486-443D-ADBF-06F2CA467E3F}.Release|Any CPU.ActiveCfg = Release|Any CPU
		{8A9B9918-D486-443D-ADBF-06F2CA467E3F}.Release|Any CPU.Build.0 = Release|Any CPU
		{5959F262-45E6-4418-BEB8-B6DDA80E8C6C}.Debug|Any CPU.ActiveCfg = Debug|Any CPU
		{5959F262-45E6-4418-BEB8-B6DDA80E8C6C}.Debug|Any CPU.Build.0 = Debug|Any CPU
		{5959F262-45E6-4418-BEB8-B6DDA80E8C6C}.Release|Any CPU.ActiveCfg = Release|Any CPU
		{5959F262-45E6-4418-BEB8-B6DDA80E8C6C}.Release|Any CPU.Build.0 = Release|Any CPU
	EndGlobalSection
	GlobalSection(SolutionProperties) = preSolution
		HideSolutionNode = FALSE
	EndGlobalSection
	GlobalSection(NestedProjects) = preSolution
		{5959F262-45E6-4418-BEB8-B6DDA80E8C6C} = {33CD6A99-B135-4603-8D71-39D6F6D90E16}
	EndGlobalSection
	GlobalSection(ExtensibilityGlobals) = postSolution
		SolutionGuid = {CEC91916-5B4A-4446-960B-0EBBAAF521F6}
	EndGlobalSection
EndGlobal
